
Microsoft Visual Studio Solution File, Format Version 12.00
# Visual Studio Version 16
VisualStudioVersion = 16.0.32228.343
MinimumVisualStudioVersion = 10.0.40219.1
Project("{FAE04EC0-301F-11D3-BF4B-00C04F79EFBC}") = "PraktikumJamesWeek8", "PraktikumJamesWeek8\PraktikumJamesWeek8.csproj", "{85E08F31-53E8-49F6-AC48-C5962C9AFBBE}"
EndProject
Global
	GlobalSection(SolutionConfigurationPlatforms) = preSolution
		Debug|Any CPU = Debug|Any CPU
		Release|Any CPU = Release|Any CPU
	EndGlobalSection
	GlobalSection(ProjectConfigurationPlatforms) = postSolution
		{85E08F31-53E8-49F6-AC48-C5962C9AFBBE}.Debug|Any CPU.ActiveCfg = Debug|Any CPU
		{85E08F31-53E8-49F6-AC48-C5962C9AFBBE}.Debug|Any CPU.Build.0 = Debug|Any CPU
		{85E08F31-53E8-49F6-AC48-C5962C9AFBBE}.Release|Any CPU.ActiveCfg = Release|Any CPU
		{85E08F31-53E8-49F6-AC48-C5962C9AFBBE}.Release|Any CPU.Build.0 = Release|Any CPU
	EndGlobalSection
	GlobalSection(SolutionProperties) = preSolution
		HideSolutionNode = FALSE
	EndGlobalSection
	GlobalSection(ExtensibilityGlobals) = postSolution
		SolutionGuid = {DF8A3A71-6053-4D97-A7A3-8F46A38F4F68}
	EndGlobalSection
EndGlobal
